// !$*UTF8*$!
{
	archiveVersion = 1;
	classes = {
	};
	objectVersion = 50;
	objects = {

/* Begin PBXBuildFile section */
		9F35B237250FC97200D0D9B3 /* AppDelegate.swift in Sources */ = {isa = PBXBuildFile; fileRef = 9F35B236250FC97200D0D9B3 /* AppDelegate.swift */; };
		9F35B239250FC97200D0D9B3 /* SceneDelegate.swift in Sources */ = {isa = PBXBuildFile; fileRef = 9F35B238250FC97200D0D9B3 /* SceneDelegate.swift */; };
		9F35B23B250FC97200D0D9B3 /* HomeViewController.swift in Sources */ = {isa = PBXBuildFile; fileRef = 9F35B23A250FC97200D0D9B3 /* HomeViewController.swift */; };
		9F35B23E250FC97200D0D9B3 /* Main.storyboard in Resources */ = {isa = PBXBuildFile; fileRef = 9F35B23C250FC97200D0D9B3 /* Main.storyboard */; };
		9F35B240250FC97500D0D9B3 /* Assets.xcassets in Resources */ = {isa = PBXBuildFile; fileRef = 9F35B23F250FC97500D0D9B3 /* Assets.xcassets */; };
		9F35B243250FC97500D0D9B3 /* LaunchScreen.storyboard in Resources */ = {isa = PBXBuildFile; fileRef = 9F35B241250FC97500D0D9B3 /* LaunchScreen.storyboard */; };
		9F35B24F250FCC1A00D0D9B3 /* CustomNavBar.swift in Sources */ = {isa = PBXBuildFile; fileRef = 9F35B24E250FCC1A00D0D9B3 /* CustomNavBar.swift */; };
		9F35B253250FCC3B00D0D9B3 /* UIImageView.swift in Sources */ = {isa = PBXBuildFile; fileRef = 9F35B250250FCC3A00D0D9B3 /* UIImageView.swift */; };
		9F35B254250FCC3B00D0D9B3 /* UILabel.swift in Sources */ = {isa = PBXBuildFile; fileRef = 9F35B251250FCC3B00D0D9B3 /* UILabel.swift */; };
		9F35B255250FCC3B00D0D9B3 /* ExtensionUivew.swift in Sources */ = {isa = PBXBuildFile; fileRef = 9F35B252250FCC3B00D0D9B3 /* ExtensionUivew.swift */; };
		9FC79125250FCDF6003DCEA3 /* StrechyHeaderView.swift in Sources */ = {isa = PBXBuildFile; fileRef = 9FC79124250FCDF6003DCEA3 /* StrechyHeaderView.swift */; };
		9FC79128250FCE99003DCEA3 /* GameOverviewTableViewCell.swift in Sources */ = {isa = PBXBuildFile; fileRef = 9FC79127250FCE99003DCEA3 /* GameOverviewTableViewCell.swift */; };
		9FC7912A250FCF97003DCEA3 /* BaseTableViewCell.swift in Sources */ = {isa = PBXBuildFile; fileRef = 9FC79129250FCF97003DCEA3 /* BaseTableViewCell.swift */; };
		9FC7912C250FCFE8003DCEA3 /* GameRatingsTableViewCell.swift in Sources */ = {isa = PBXBuildFile; fileRef = 9FC7912B250FCFE8003DCEA3 /* GameRatingsTableViewCell.swift */; };
		9FC7912E250FD217003DCEA3 /* UpdatesTableViewCell.swift in Sources */ = {isa = PBXBuildFile; fileRef = 9FC7912D250FD217003DCEA3 /* UpdatesTableViewCell.swift */; };
/* End PBXBuildFile section */

/* Begin PBXFileReference section */
		9F35B233250FC97200D0D9B3 /* App Store Dummy Design.app */ = {isa = PBXFileReference; explicitFileType = wrapper.application; includeInIndex = 0; path = "App Store Dummy Design.app"; sourceTree = BUILT_PRODUCTS_DIR; };
		9F35B236250FC97200D0D9B3 /* AppDelegate.swift */ = {isa = PBXFileReference; lastKnownFileType = sourcecode.swift; path = AppDelegate.swift; sourceTree = "<group>"; };
		9F35B238250FC97200D0D9B3 /* SceneDelegate.swift */ = {isa = PBXFileReference; lastKnownFileType = sourcecode.swift; path = SceneDelegate.swift; sourceTree = "<group>"; };
		9F35B23A250FC97200D0D9B3 /* HomeViewController.swift */ = {isa = PBXFileReference; lastKnownFileType = sourcecode.swift; path = HomeViewController.swift; sourceTree = "<group>"; };
		9F35B23D250FC97200D0D9B3 /* Base */ = {isa = PBXFileReference; lastKnownFileType = file.storyboard; name = Base; path = Base.lproj/Main.storyboard; sourceTree = "<group>"; };
		9F35B23F250FC97500D0D9B3 /* Assets.xcassets */ = {isa = PBXFileReference; lastKnownFileType = folder.assetcatalog; path = Assets.xcassets; sourceTree = "<group>"; };
		9F35B242250FC97500D0D9B3 /* Base */ = {isa = PBXFileReference; lastKnownFileType = file.storyboard; name = Base; path = Base.lproj/LaunchScreen.storyboard; sourceTree = "<group>"; };
		9F35B244250FC97500D0D9B3 /* Info.plist */ = {isa = PBXFileReference; lastKnownFileType = text.plist.xml; path = Info.plist; sourceTree = "<group>"; };
		9F35B24E250FCC1A00D0D9B3 /* CustomNavBar.swift */ = {isa = PBXFileReference; lastKnownFileType = sourcecode.swift; path = CustomNavBar.swift; sourceTree = "<group>"; };
		9F35B250250FCC3A00D0D9B3 /* UIImageView.swift */ = {isa = PBXFileReference; fileEncoding = 4; lastKnownFileType = sourcecode.swift; path = UIImageView.swift; sourceTree = "<group>"; };
		9F35B251250FCC3B00D0D9B3 /* UILabel.swift */ = {isa = PBXFileReference; fileEncoding = 4; lastKnownFileType = sourcecode.swift; path = UILabel.swift; sourceTree = "<group>"; };
		9F35B252250FCC3B00D0D9B3 /* ExtensionUivew.swift */ = {isa = PBXFileReference; fileEncoding = 4; lastKnownFileType = sourcecode.swift; path = ExtensionUivew.swift; sourceTree = "<group>"; };
		9FC79124250FCDF6003DCEA3 /* StrechyHeaderView.swift */ = {isa = PBXFileReference; lastKnownFileType = sourcecode.swift; path = StrechyHeaderView.swift; sourceTree = "<group>"; };
		9FC79127250FCE99003DCEA3 /* GameOverviewTableViewCell.swift */ = {isa = PBXFileReference; lastKnownFileType = sourcecode.swift; path = GameOverviewTableViewCell.swift; sourceTree = "<group>"; };
		9FC79129250FCF97003DCEA3 /* BaseTableViewCell.swift */ = {isa = PBXFileReference; lastKnownFileType = sourcecode.swift; path = BaseTableViewCell.swift; sourceTree = "<group>"; };
		9FC7912B250FCFE8003DCEA3 /* GameRatingsTableViewCell.swift */ = {isa = PBXFileReference; lastKnownFileType = sourcecode.swift; path = GameRatingsTableViewCell.swift; sourceTree = "<group>"; };
		9FC7912D250FD217003DCEA3 /* UpdatesTableViewCell.swift */ = {isa = PBXFileReference; lastKnownFileType = sourcecode.swift; path = UpdatesTableViewCell.swift; sourceTree = "<group>"; };
/* End PBXFileReference section */

/* Begin PBXFrameworksBuildPhase section */
		9F35B230250FC97200D0D9B3 /* Frameworks */ = {
			isa = PBXFrameworksBuildPhase;
			buildActionMask = 2147483647;
			files = (
			);
			runOnlyForDeploymentPostprocessing = 0;
		};
/* End PBXFrameworksBuildPhase section */

/* Begin PBXGroup section */
		9F35B22A250FC97200D0D9B3 = {
			isa = PBXGroup;
			children = (
				9F35B235250FC97200D0D9B3 /* App Store Dummy Design */,
				9F35B234250FC97200D0D9B3 /* Products */,
			);
			sourceTree = "<group>";
		};
		9F35B234250FC97200D0D9B3 /* Products */ = {
			isa = PBXGroup;
			children = (
				9F35B233250FC97200D0D9B3 /* App Store Dummy Design.app */,
			);
			name = Products;
			sourceTree = "<group>";
		};
		9F35B235250FC97200D0D9B3 /* App Store Dummy Design */ = {
			isa = PBXGroup;
			children = (
				9F35B236250FC97200D0D9B3 /* AppDelegate.swift */,
				9F35B238250FC97200D0D9B3 /* SceneDelegate.swift */,
				9F35B24C250FC99A00D0D9B3 /* helpers */,
				9F35B24B250FC99500D0D9B3 /* view */,
				9F35B24A250FC98000D0D9B3 /* controller */,
				9F35B23C250FC97200D0D9B3 /* Main.storyboard */,
				9F35B23F250FC97500D0D9B3 /* Assets.xcassets */,
				9F35B241250FC97500D0D9B3 /* LaunchScreen.storyboard */,
				9F35B244250FC97500D0D9B3 /* Info.plist */,
			);
			path = "App Store Dummy Design";
			sourceTree = "<group>";
		};
		9F35B24A250FC98000D0D9B3 /* controller */ = {
			isa = PBXGroup;
			children = (
				9F35B23A250FC97200D0D9B3 /* HomeViewController.swift */,
			);
			path = controller;
			sourceTree = "<group>";
		};
		9F35B24B250FC99500D0D9B3 /* view */ = {
			isa = PBXGroup;
			children = (
				9FC79126250FCE92003DCEA3 /* cell */,
				9F35B24D250FCC1100D0D9B3 /* custom view */,
			);
			path = view;
			sourceTree = "<group>";
		};
		9F35B24C250FC99A00D0D9B3 /* helpers */ = {
			isa = PBXGroup;
			children = (
				9F35B252250FCC3B00D0D9B3 /* ExtensionUivew.swift */,
				9F35B250250FCC3A00D0D9B3 /* UIImageView.swift */,
				9F35B251250FCC3B00D0D9B3 /* UILabel.swift */,
			);
			path = helpers;
			sourceTree = "<group>";
		};
		9F35B24D250FCC1100D0D9B3 /* custom view */ = {
			isa = PBXGroup;
			children = (
				9F35B24E250FCC1A00D0D9B3 /* CustomNavBar.swift */,
				9FC79124250FCDF6003DCEA3 /* StrechyHeaderView.swift */,
			);
			path = "custom view";
			sourceTree = "<group>";
		};
		9FC79126250FCE92003DCEA3 /* cell */ = {
			isa = PBXGroup;
			children = (
				9FC79129250FCF97003DCEA3 /* BaseTableViewCell.swift */,
				9FC79127250FCE99003DCEA3 /* GameOverviewTableViewCell.swift */,
				9FC7912B250FCFE8003DCEA3 /* GameRatingsTableViewCell.swift */,
				9FC7912D250FD217003DCEA3 /* UpdatesTableViewCell.swift */,
			);
			path = cell;
			sourceTree = "<group>";
		};
/* End PBXGroup section */

/* Begin PBXNativeTarget section */
		9F35B232250FC97200D0D9B3 /* App Store Dummy Design */ = {
			isa = PBXNativeTarget;
			buildConfigurationList = 9F35B247250FC97500D0D9B3 /* Build configuration list for PBXNativeTarget "App Store Dummy Design" */;
			buildPhases = (
				9F35B22F250FC97200D0D9B3 /* Sources */,
				9F35B230250FC97200D0D9B3 /* Frameworks */,
				9F35B231250FC97200D0D9B3 /* Resources */,
			);
			buildRules = (
			);
			dependencies = (
			);
			name = "App Store Dummy Design";
			productName = "App Store Dummy Design";
			productReference = 9F35B233250FC97200D0D9B3 /* App Store Dummy Design.app */;
			productType = "com.apple.product-type.application";
		};
/* End PBXNativeTarget section */

/* Begin PBXProject section */
		9F35B22B250FC97200D0D9B3 /* Project object */ = {
			isa = PBXProject;
			attributes = {
				LastSwiftUpdateCheck = 1140;
				LastUpgradeCheck = 1140;
				ORGANIZATIONNAME = Hossam;
				TargetAttributes = {
					9F35B232250FC97200D0D9B3 = {
						CreatedOnToolsVersion = 11.4;
					};
				};
			};
			buildConfigurationList = 9F35B22E250FC97200D0D9B3 /* Build configuration list for PBXProject "App Store Dummy Design" */;
			compatibilityVersion = "Xcode 9.3";
			developmentRegion = en;
			hasScannedForEncodings = 0;
			knownRegions = (
				en,
				Base,
			);
			mainGroup = 9F35B22A250FC97200D0D9B3;
			productRefGroup = 9F35B234250FC97200D0D9B3 /* Products */;
			projectDirPath = "";
			projectRoot = "";
			targets = (
				9F35B232250FC97200D0D9B3 /* App Store Dummy Design */,
			);
		};
/* End PBXProject section */

/* Begin PBXResourcesBuildPhase section */
		9F35B231250FC97200D0D9B3 /* Resources */ = {
			isa = PBXResourcesBuildPhase;
			buildActionMask = 2147483647;
			files = (
				9F35B243250FC97500D0D9B3 /* LaunchScreen.storyboard in Resources */,
				9F35B240250FC97500D0D9B3 /* Assets.xcassets in Resources */,
				9F35B23E250FC97200D0D9B3 /* Main.storyboard in Resources */,
			);
			runOnlyForDeploymentPostprocessing = 0;
		};
/* End PBXResourcesBuildPhase section */

/* Begin PBXSourcesBuildPhase section */
		9F35B22F250FC97200D0D9B3 /* Sources */ = {
			isa = PBXSourcesBuildPhase;
			buildActionMask = 2147483647;
			files = (
				9FC79125250FCDF6003DCEA3 /* StrechyHeaderView.swift in Sources */,
				9F35B255250FCC3B00D0D9B3 /* ExtensionUivew.swift in Sources */,
				9FC7912E250FD217003DCEA3 /* UpdatesTableViewCell.swift in Sources */,
				9FC79128250FCE99003DCEA3 /* GameOverviewTableViewCell.swift in Sources */,
				9FC7912C250FCFE8003DCEA3 /* GameRatingsTableViewCell.swift in Sources */,
				9F35B23B250FC97200D0D9B3 /* HomeViewController.swift in Sources */,
				9F35B253250FCC3B00D0D9B3 /* UIImageView.swift in Sources */,
				9F35B237250FC97200D0D9B3 /* AppDelegate.swift in Sources */,
				9F35B24F250FCC1A00D0D9B3 /* CustomNavBar.swift in Sources */,
				9F35B254250FCC3B00D0D9B3 /* UILabel.swift in Sources */,
				9FC7912A250FCF97003DCEA3 /* BaseTableViewCell.swift in Sources */,
				9F35B239250FC97200D0D9B3 /* SceneDelegate.swift in Sources */,
			);
			runOnlyForDeploymentPostprocessing = 0;
		};
/* End PBXSourcesBuildPhase section */

/* Begin PBXVariantGroup section */
		9F35B23C250FC97200D0D9B3 /* Main.storyboard */ = {
			isa = PBXVariantGroup;
			children = (
				9F35B23D250FC97200D0D9B3 /* Base */,
			);
			name = Main.storyboard;
			sourceTree = "<group>";
		};
		9F35B241250FC97500D0D9B3 /* LaunchScreen.storyboard */ = {
			isa = PBXVariantGroup;
			children = (
				9F35B242250FC97500D0D9B3 /* Base */,
			);
			name = LaunchScreen.storyboard;
			sourceTree = "<group>";
		};
/* End PBXVariantGroup section */

/* Begin XCBuildConfiguration section */
		9F35B245250FC97500D0D9B3 /* Debug */ = {
			isa = XCBuildConfiguration;
			buildSettings = {
				ALWAYS_SEARCH_USER_PATHS = NO;
				CLANG_ANALYZER_NONNULL = YES;
				CLANG_ANALYZER_NUMBER_OBJECT_CONVERSION = YES_AGGRESSIVE;
				CLANG_CXX_LANGUAGE_STANDARD = "gnu++14";
				CLANG_CXX_LIBRARY = "libc++";
				CLANG_ENABLE_MODULES = YES;
				CLANG_ENABLE_OBJC_ARC = YES;
				CLANG_ENABLE_OBJC_WEAK = YES;
				CLANG_WARN_BLOCK_CAPTURE_AUTORELEASING = YES;
				CLANG_WARN_BOOL_CONVERSION = YES;
				CLANG_WARN_COMMA = YES;
				CLANG_WARN_CONSTANT_CONVERSION = YES;
				CLANG_WARN_DEPRECATED_OBJC_IMPLEMENTATIONS = YES;
				CLANG_WARN_DIRECT_OBJC_ISA_USAGE = YES_ERROR;
				CLANG_WARN_DOCUMENTATION_COMMENTS = YES;
				CLANG_WARN_EMPTY_BODY = YES;
				CLANG_WARN_ENUM_CONVERSION = YES;
				CLANG_WARN_INFINITE_RECURSION = YES;
				CLANG_WARN_INT_CONVERSION = YES;
				CLANG_WARN_NON_LITERAL_NULL_CONVERSION = YES;
				CLANG_WARN_OBJC_IMPLICIT_RETAIN_SELF = YES;
				CLANG_WARN_OBJC_LITERAL_CONVERSION = YES;
				CLANG_WARN_OBJC_ROOT_CLASS = YES_ERROR;
				CLANG_WARN_RANGE_LOOP_ANALYSIS = YES;
				CLANG_WARN_STRICT_PROTOTYPES = YES;
				CLANG_WARN_SUSPICIOUS_MOVE = YES;
				CLANG_WARN_UNGUARDED_AVAILABILITY = YES_AGGRESSIVE;
				CLANG_WARN_UNREACHABLE_CODE = YES;
				CLANG_WARN__DUPLICATE_METHOD_MATCH = YES;
				COPY_PHASE_STRIP = NO;
				DEBUG_INFORMATION_FORMAT = dwarf;
				ENABLE_STRICT_OBJC_MSGSEND = YES;
				ENABLE_TESTABILITY = YES;
				GCC_C_LANGUAGE_STANDARD = gnu11;
				GCC_DYNAMIC_NO_PIC = NO;
				GCC_NO_COMMON_BLOCKS = YES;
				GCC_OPTIMIZATION_LEVEL = 0;
				GCC_PREPROCESSOR_DEFINITIONS = (
					"DEBUG=1",
					"$(inherited)",
				);
				GCC_WARN_64_TO_32_BIT_CONVERSION = YES;
				GCC_WARN_ABOUT_RETURN_TYPE = YES_ERROR;
				GCC_WARN_UNDECLARED_SELECTOR = YES;
				GCC_WARN_UNINITIALIZED_AUTOS = YES_AGGRESSIVE;
				GCC_WARN_UNUSED_FUNCTION = YES;
				GCC_WARN_UNUSED_VARIABLE = YES;
				IPHONEOS_DEPLOYMENT_TARGET = 13.4;
				MTL_ENABLE_DEBUG_INFO = INCLUDE_SOURCE;
				MTL_FAST_MATH = YES;
				ONLY_ACTIVE_ARCH = YES;
				SDKROOT = iphoneos;
				SWIFT_ACTIVE_COMPILATION_CONDITIONS = DEBUG;
				SWIFT_OPTIMIZATION_LEVEL = "-Onone";
			};
			name = Debug;
		};
		9F35B246250FC97500D0D9B3 /* Release */ = {
			isa = XCBuildConfiguration;
			buildSettings = {
				ALWAYS_SEARCH_USER_PATHS = NO;
				CLANG_ANALYZER_NONNULL = YES;
				CLANG_ANALYZER_NUMBER_OBJECT_CONVERSION = YES_AGGRESSIVE;
				CLANG_CXX_LANGUAGE_STANDARD = "gnu++14";
				CLANG_CXX_LIBRARY = "libc++";
				CLANG_ENABLE_MODULES = YES;
				CLANG_ENABLE_OBJC_ARC = YES;
				CLANG_ENABLE_OBJC_WEAK = YES;
				CLANG_WARN_BLOCK_CAPTURE_AUTORELEASING = YES;
				CLANG_WARN_BOOL_CONVERSION = YES;
				CLANG_WARN_COMMA = YES;
				CLANG_WARN_CONSTANT_CONVERSION = YES;
				CLANG_WARN_DEPRECATED_OBJC_IMPLEMENTATIONS = YES;
				CLANG_WARN_DIRECT_OBJC_ISA_USAGE = YES_ERROR;
				CLANG_WARN_DOCUMENTATION_COMMENTS = YES;
				CLANG_WARN_EMPTY_BODY = YES;
				CLANG_WARN_ENUM_CONVERSION = YES;
				CLANG_WARN_INFINITE_RECURSION = YES;
				CLANG_WARN_INT_CONVERSION = YES;
				CLANG_WARN_NON_LITERAL_NULL_CONVERSION = YES;
				CLANG_WARN_OBJC_IMPLICIT_RETAIN_SELF = YES;
				CLANG_WARN_OBJC_LITERAL_CONVERSION = YES;
				CLANG_WARN_OBJC_ROOT_CLASS = YES_ERROR;
				CLANG_WARN_RANGE_LOOP_ANALYSIS = YES;
				CLANG_WARN_STRICT_PROTOTYPES = YES;
				CLANG_WARN_SUSPICIOUS_MOVE = YES;
				CLANG_WARN_UNGUARDED_AVAILABILITY = YES_AGGRESSIVE;
				CLANG_WARN_UNREACHABLE_CODE = YES;
				CLANG_WARN__DUPLICATE_METHOD_MATCH = YES;
				COPY_PHASE_STRIP = NO;
				DEBUG_INFORMATION_FORMAT = "dwarf-with-dsym";
				ENABLE_NS_ASSERTIONS = NO;
				ENABLE_STRICT_OBJC_MSGSEND = YES;
				GCC_C_LANGUAGE_STANDARD = gnu11;
				GCC_NO_COMMON_BLOCKS = YES;
				GCC_WARN_64_TO_32_BIT_CONVERSION = YES;
				GCC_WARN_ABOUT_RETURN_TYPE = YES_ERROR;
				GCC_WARN_UNDECLARED_SELECTOR = YES;
				GCC_WARN_UNINITIALIZED_AUTOS = YES_AGGRESSIVE;
				GCC_WARN_UNUSED_FUNCTION = YES;
				GCC_WARN_UNUSED_VARIABLE = YES;
				IPHONEOS_DEPLOYMENT_TARGET = 13.4;
				MTL_ENABLE_DEBUG_INFO = NO;
				MTL_FAST_MATH = YES;
				SDKROOT = iphoneos;
				SWIFT_COMPILATION_MODE = wholemodule;
				SWIFT_OPTIMIZATION_LEVEL = "-O";
				VALIDATE_PRODUCT = YES;
			};
			name = Release;
		};
		9F35B248250FC97500D0D9B3 /* Debug */ = {
			isa = XCBuildConfiguration;
			buildSettings = {
				ASSETCATALOG_COMPILER_APPICON_NAME = AppIcon;
				CODE_SIGN_STYLE = Automatic;
				DEVELOPMENT_TEAM = 5RTZJMVRS2;
				INFOPLIST_FILE = "App Store Dummy Design/Info.plist";
				LD_RUNPATH_SEARCH_PATHS = (
					"$(inherited)",
					"@executable_path/Frameworks",
				);
				PRODUCT_BUNDLE_IDENTIFIER = "com.hosam.net.App-Store-Dummy-Design";
				PRODUCT_NAME = "$(TARGET_NAME)";
				SWIFT_VERSION = 5.0;
				TARGETED_DEVICE_FAMILY = 1;
			};
			name = Debug;
		};
		9F35B249250FC97500D0D9B3 /* Release */ = {
			isa = XCBuildConfiguration;
			buildSettings = {
				ASSETCATALOG_COMPILER_APPICON_NAME = AppIcon;
				CODE_SIGN_STYLE = Automatic;
				DEVELOPMENT_TEAM = 5RTZJMVRS2;
				INFOPLIST_FILE = "App Store Dummy Design/Info.plist";
				LD_RUNPATH_SEARCH_PATHS = (
					"$(inherited)",
					"@executable_path/Frameworks",
				);
				PRODUCT_BUNDLE_IDENTIFIER = "com.hosam.net.App-Store-Dummy-Design";
				PRODUCT_NAME = "$(TARGET_NAME)";
				SWIFT_VERSION = 5.0;
				TARGETED_DEVICE_FAMILY = 1;
			};
			name = Release;
		};
/* End XCBuildConfiguration section */

/* Begin XCConfigurationList section */
		9F35B22E250FC97200D0D9B3 /* Build configuration list for PBXProject "App Store Dummy Design" */ = {
			isa = XCConfigurationList;
			buildConfigurations = (
				9F35B245250FC97500D0D9B3 /* Debug */,
				9F35B246250FC97500D0D9B3 /* Release */,
			);
			defaultConfigurationIsVisible = 0;
			defaultConfigurationName = Release;
		};
		9F35B247250FC97500D0D9B3 /* Build configuration list for PBXNativeTarget "App Store Dummy Design" */ = {
			isa = XCConfigurationList;
			buildConfigurations = (
				9F35B248250FC97500D0D9B3 /* Debug */,
				9F35B249250FC97500D0D9B3 /* Release */,
			);
			defaultConfigurationIsVisible = 0;
			defaultConfigurationName = Release;
		};
/* End XCConfigurationList section */
	};
	rootObject = 9F35B22B250FC97200D0D9B3 /* Project object */;
}
